
Microsoft Visual Studio Solution File, Format Version 12.00
# Visual Studio Version 17
VisualStudioVersion = 17.10.34916.146
MinimumVisualStudioVersion = 10.0.40219.1
Project("{FAE04EC0-301F-11D3-BF4B-00C04F79EFBC}") = "WpfApp1", "WpfApp1\WpfApp1.csproj", "{A165F34F-0173-44EB-B8CE-82FD5E28919A}"
EndProject
Project("{2150E333-8FDC-42A3-9474-1A3956D46DE8}") = "Resources", "Resources", "{16F7D456-2CD7-48B6-908F-45F1F8385D5A}"
	ProjectSection(SolutionItems) = preProject
		..\..\..\Downloads\clock-with-white-face_icon-icons.com_72804.ico = ..\..\..\Downloads\clock-with-white-face_icon-icons.com_72804.ico
	EndProjectSection
EndProject
Global
	GlobalSection(SolutionConfigurationPlatforms) = preSolution
		Debug|Any CPU = Debug|Any CPU
		Release|Any CPU = Release|Any CPU
	EndGlobalSection
	GlobalSection(ProjectConfigurationPlatforms) = postSolution
		{A165F34F-0173-44EB-B8CE-82FD5E28919A}.Debug|Any CPU.ActiveCfg = Debug|Any CPU
		{A165F34F-0173-44EB-B8CE-82FD5E28919A}.Debug|Any CPU.Build.0 = Debug|Any CPU
		{A165F34F-0173-44EB-B8CE-82FD5E28919A}.Release|Any CPU.ActiveCfg = Release|Any CPU
		{A165F34F-0173-44EB-B8CE-82FD5E28919A}.Release|Any CPU.Build.0 = Release|Any CPU
	EndGlobalSection
	GlobalSection(SolutionProperties) = preSolution
		HideSolutionNode = FALSE
	EndGlobalSection
	GlobalSection(ExtensibilityGlobals) = postSolution
		SolutionGuid = {3393D8CE-00A0-4FED-A1DC-6A6416BA200E}
	EndGlobalSection
EndGlobal
